
Microsoft Visual Studio Solution File, Format Version 12.00
# Visual Studio Version 17
VisualStudioVersion = 17.4.33213.308
MinimumVisualStudioVersion = 10.0.40219.1
Project("{FAE04EC0-301F-11D3-BF4B-00C04F79EFBC}") = "MVC-ChiefsCorner", "MVC-ChiefsCorner\MVC-ChiefsCorner.csproj", "{0CA57115-2989-494F-8D9C-36579B4FD955}"
EndProject
Project("{FAE04EC0-301F-11D3-BF4B-00C04F79EFBC}") = "ChiefsCorner.Management.Service", "ChiefsCorner.Management.Service\ChiefsCorner.Management.Service.csproj", "{476C8EA0-8E14-410B-9676-3F958D480631}"
EndProject
Global
	GlobalSection(SolutionConfigurationPlatforms) = preSolution
		Debug|Any CPU = Debug|Any CPU
		Release|Any CPU = Release|Any CPU
	EndGlobalSection
	GlobalSection(ProjectConfigurationPlatforms) = postSolution
		{0CA57115-2989-494F-8D9C-36579B4FD955}.Debug|Any CPU.ActiveCfg = Debug|Any CPU
		{0CA57115-2989-494F-8D9C-36579B4FD955}.Debug|Any CPU.Build.0 = Debug|Any CPU
		{0CA57115-2989-494F-8D9C-36579B4FD955}.Release|Any CPU.ActiveCfg = Release|Any CPU
		{0CA57115-2989-494F-8D9C-36579B4FD955}.Release|Any CPU.Build.0 = Release|Any CPU
		{476C8EA0-8E14-410B-9676-3F958D480631}.Debug|Any CPU.ActiveCfg = Debug|Any CPU
		{476C8EA0-8E14-410B-9676-3F958D480631}.Debug|Any CPU.Build.0 = Debug|Any CPU
		{476C8EA0-8E14-410B-9676-3F958D480631}.Release|Any CPU.ActiveCfg = Release|Any CPU
		{476C8EA0-8E14-410B-9676-3F958D480631}.Release|Any CPU.Build.0 = Release|Any CPU
	EndGlobalSection
	GlobalSection(SolutionProperties) = preSolution
		HideSolutionNode = FALSE
	EndGlobalSection
	GlobalSection(ExtensibilityGlobals) = postSolution
		SolutionGuid = {CAF57709-230E-413C-ADE0-4884B1C1B598}
	EndGlobalSection
EndGlobal
